
Microsoft Visual Studio Solution File, Format Version 12.00
# Visual Studio Version 17
VisualStudioVersion = 17.5.33516.290
MinimumVisualStudioVersion = 10.0.40219.1
Project("{FAE04EC0-301F-11D3-BF4B-00C04F79EFBC}") = "L02P02_2017LM602_2020SS603_BLOGDB", "L02P02_2017LM602_2020SS603_BLOGDB\L02P02_2017LM602_2020SS603_BLOGDB.csproj", "{3454FD86-3BD4-4A57-A520-3CA4A8599405}"
EndProject
Global
	GlobalSection(SolutionConfigurationPlatforms) = preSolution
		Debug|Any CPU = Debug|Any CPU
		Release|Any CPU = Release|Any CPU
	EndGlobalSection
	GlobalSection(ProjectConfigurationPlatforms) = postSolution
		{3454FD86-3BD4-4A57-A520-3CA4A8599405}.Debug|Any CPU.ActiveCfg = Debug|Any CPU
		{3454FD86-3BD4-4A57-A520-3CA4A8599405}.Debug|Any CPU.Build.0 = Debug|Any CPU
		{3454FD86-3BD4-4A57-A520-3CA4A8599405}.Release|Any CPU.ActiveCfg = Release|Any CPU
		{3454FD86-3BD4-4A57-A520-3CA4A8599405}.Release|Any CPU.Build.0 = Release|Any CPU
	EndGlobalSection
	GlobalSection(SolutionProperties) = preSolution
		HideSolutionNode = FALSE
	EndGlobalSection
	GlobalSection(ExtensibilityGlobals) = postSolution
		SolutionGuid = {14457E2B-131D-4A9A-8C68-EB343AC57289}
	EndGlobalSection
EndGlobal
